
Microsoft Visual Studio Solution File, Format Version 12.00
# Visual Studio Version 16
VisualStudioVersion = 16.0.31005.135
MinimumVisualStudioVersion = 10.0.40219.1
Project("{FAE04EC0-301F-11D3-BF4B-00C04F79EFBC}") = "DayTide", "DayTide\DayTide.csproj", "{ACB8CE98-BC88-439A-B742-2A68F3C00F09}"
EndProject
Global
	GlobalSection(SolutionConfigurationPlatforms) = preSolution
		Debug|Any CPU = Debug|Any CPU
		Release|Any CPU = Release|Any CPU
	EndGlobalSection
	GlobalSection(ProjectConfigurationPlatforms) = postSolution
		{ACB8CE98-BC88-439A-B742-2A68F3C00F09}.Debug|Any CPU.ActiveCfg = Debug|Any CPU
		{ACB8CE98-BC88-439A-B742-2A68F3C00F09}.Debug|Any CPU.Build.0 = Debug|Any CPU
		{ACB8CE98-BC88-439A-B742-2A68F3C00F09}.Release|Any CPU.ActiveCfg = Release|Any CPU
		{ACB8CE98-BC88-439A-B742-2A68F3C00F09}.Release|Any CPU.Build.0 = Release|Any CPU
	EndGlobalSection
	GlobalSection(SolutionProperties) = preSolution
		HideSolutionNode = FALSE
	EndGlobalSection
	GlobalSection(ExtensibilityGlobals) = postSolution
		SolutionGuid = {D52333B9-69D7-4ED9-A1E2-1F0FC2E0536D}
	EndGlobalSection
EndGlobal
